
Microsoft Visual Studio Solution File, Format Version 12.00
# Visual Studio Version 17
VisualStudioVersion = 17.0.31903.59
MinimumVisualStudioVersion = 10.0.40219.1
Project("{2150E333-8FDC-42A3-9474-1A3956D46DE8}") = "api", "api", "{9076E2EA-5E90-4144-8F9A-5227714AD0F6}"
EndProject
Project("{FAE04EC0-301F-11D3-BF4B-00C04F79EFBC}") = "Products", "api\Products\Products.csproj", "{DD67968E-BEEB-48FE-85A7-F379B4B66D34}"
EndProject
Project("{FAE04EC0-301F-11D3-BF4B-00C04F79EFBC}") = "Transactions", "api\Transactions\Transactions.csproj", "{F8A70709-CF98-4773-B5FE-56F9E45F1090}"
EndProject
Global
	GlobalSection(SolutionConfigurationPlatforms) = preSolution
		Debug|Any CPU = Debug|Any CPU
		Release|Any CPU = Release|Any CPU
	EndGlobalSection
	GlobalSection(SolutionProperties) = preSolution
		HideSolutionNode = FALSE
	EndGlobalSection
	GlobalSection(ProjectConfigurationPlatforms) = postSolution
		{DD67968E-BEEB-48FE-85A7-F379B4B66D34}.Debug|Any CPU.ActiveCfg = Debug|Any CPU
		{DD67968E-BEEB-48FE-85A7-F379B4B66D34}.Debug|Any CPU.Build.0 = Debug|Any CPU
		{DD67968E-BEEB-48FE-85A7-F379B4B66D34}.Release|Any CPU.ActiveCfg = Release|Any CPU
		{DD67968E-BEEB-48FE-85A7-F379B4B66D34}.Release|Any CPU.Build.0 = Release|Any CPU
		{F8A70709-CF98-4773-B5FE-56F9E45F1090}.Debug|Any CPU.ActiveCfg = Debug|Any CPU
		{F8A70709-CF98-4773-B5FE-56F9E45F1090}.Debug|Any CPU.Build.0 = Debug|Any CPU
		{F8A70709-CF98-4773-B5FE-56F9E45F1090}.Release|Any CPU.ActiveCfg = Release|Any CPU
		{F8A70709-CF98-4773-B5FE-56F9E45F1090}.Release|Any CPU.Build.0 = Release|Any CPU
	EndGlobalSection
	GlobalSection(NestedProjects) = preSolution
		{DD67968E-BEEB-48FE-85A7-F379B4B66D34} = {9076E2EA-5E90-4144-8F9A-5227714AD0F6}
		{F8A70709-CF98-4773-B5FE-56F9E45F1090} = {9076E2EA-5E90-4144-8F9A-5227714AD0F6}
	EndGlobalSection
EndGlobal
